
Microsoft Visual Studio Solution File, Format Version 12.00
# Visual Studio 15
VisualStudioVersion = 15.0.27130.2027
MinimumVisualStudioVersion = 10.0.40219.1
Project("{2150E333-8FDC-42A3-9474-1A3956D46DE8}") = "01 - Accelerating Apps with CUDA", "01 - Accelerating Apps with CUDA", "{CCC698C6-7436-464C-BAFE-D9B1819588CC}"
EndProject
Project("{8BC9CEB8-8B4A-11D0-8D11-00A0C91BC942}") = "02-basic-parallel", "01\basic-parallel\basic-parallel.vcxproj", "{B2B9611F-59D8-40C8-ABB1-C91B682E709C}"
EndProject
Project("{8BC9CEB8-8B4A-11D0-8D11-00A0C91BC942}") = "01-hello-gpu", "01\hello-gpu\hello-gpu.vcxproj", "{2CB90C26-6EF1-47C3-84AF-B88CA15B15C7}"
EndProject
Project("{8BC9CEB8-8B4A-11D0-8D11-00A0C91BC942}") = "03-thread-and-block", "01\thread-and-block\thread-and-block.vcxproj", "{1010019E-11D8-4A78-9E30-4F9E66E95C2E}"
EndProject
Project("{8BC9CEB8-8B4A-11D0-8D11-00A0C91BC942}") = "04-single-block-loop", "01\single-block-loop\single-block-loop.vcxproj", "{EDA4BAFE-EA31-4EC1-97F7-EC8C54A56AC1}"
EndProject
Project("{8BC9CEB8-8B4A-11D0-8D11-00A0C91BC942}") = "05-multi-block-loop", "01\multi-block-loop\multi-block-loop.vcxproj", "{A84F6C2D-85C5-4576-8B29-AA4BA45A8FE5}"
EndProject
Project("{8BC9CEB8-8B4A-11D0-8D11-00A0C91BC942}") = "06-double-elements", "01\double-elements\double-elements.vcxproj", "{DBCE612D-F693-425C-98DE-993B33DCE23A}"
EndProject
Project("{8BC9CEB8-8B4A-11D0-8D11-00A0C91BC942}") = "07-mismatched-config-loop", "01\mismatched-config-loop\mismatched-config-loop.vcxproj", "{17CD4B67-9EEB-4567-A021-1E26137205A3}"
EndProject
Project("{8BC9CEB8-8B4A-11D0-8D11-00A0C91BC942}") = "08-grid-stride-double", "01\08-grid-stride-double\08-grid-stride-double.vcxproj", "{457A42D2-D0CB-488E-9E8F-CC94F92B874A}"
EndProject
Project("{8BC9CEB8-8B4A-11D0-8D11-00A0C91BC942}") = "09-add-error-handling", "01\add-error-handling\add-error-handling.vcxproj", "{B7F19F69-09C1-4AAB-B7DA-35A6CBE0A5EA}"
EndProject
Project("{8BC9CEB8-8B4A-11D0-8D11-00A0C91BC942}") = "10-vector-add", "01\vector-add\vector-add.vcxproj", "{C5CB4BD0-F6B4-45BE-AD98-2D36EDFA9DE6}"
EndProject
Project("{8BC9CEB8-8B4A-11D0-8D11-00A0C91BC942}") = "11-matrix-multiply-2d", "01\matrix-multiply-2d\matrix-multiply-2d.vcxproj", "{6090D7BC-0727-4DB4-BFD7-D66DDDBA60A0}"
EndProject
Project("{8BC9CEB8-8B4A-11D0-8D11-00A0C91BC942}") = "12-heat-conduction", "01\heat-conduction\heat-conduction.vcxproj", "{B307DD4C-DC5F-431A-8BA5-F51033F1B12B}"
EndProject
Project("{2150E333-8FDC-42A3-9474-1A3956D46DE8}") = "02 - Managing Memory and profiling", "02 - Managing Memory and profiling", "{9AB5A3EC-EC17-4948-A335-AFFF380223EA}"
EndProject
Project("{8BC9CEB8-8B4A-11D0-8D11-00A0C91BC942}") = "01-single-thread-vector-add", "02\single-thread-vector-add\single-thread-vector-add.vcxproj", "{025A948D-4C2C-4AFB-B628-A43896EFB790}"
EndProject
Project("{8BC9CEB8-8B4A-11D0-8D11-00A0C91BC942}") = "02-multi-thread-vector-add", "02\multi-thread-vector-add\multi-thread-vector-add.vcxproj", "{67DF68E8-B8AB-4C75-81C4-CEFE8A5153CF}"
EndProject
Project("{8BC9CEB8-8B4A-11D0-8D11-00A0C91BC942}") = "03-get-device-properties", "02\get-device-properties\get-device-properties.vcxproj", "{64F5404E-EC0C-4F9C-9FA4-5AD184A2DA39}"
EndProject
Project("{8BC9CEB8-8B4A-11D0-8D11-00A0C91BC942}") = "04-page-faults", "02\page-faults\page-faults.vcxproj", "{F72635B8-B576-490D-8CB5-734EF365A6BB}"
EndProject
Project("{8BC9CEB8-8B4A-11D0-8D11-00A0C91BC942}") = "05-initialize-in-kernel-vector-add", "02\initialize-in-kernel-vector-add\initialize-in-kernel-vector-add.vcxproj", "{3319E33D-158D-4553-9BAC-525C99AB9A3C}"
EndProject
Project("{8BC9CEB8-8B4A-11D0-8D11-00A0C91BC942}") = "06-prefetch-to-gpu", "02\prefetch-to-gpu\prefetch-to-gpu.vcxproj", "{7EBE8C8D-5963-4659-B4A7-1DF88D4CB189}"
EndProject
Project("{8BC9CEB8-8B4A-11D0-8D11-00A0C91BC942}") = "07-saxpy", "02\saxpy\saxpy.vcxproj", "{E8185F98-4005-488D-8D4D-1844BA69058D}"
EndProject
Project("{2150E333-8FDC-42A3-9474-1A3956D46DE8}") = "03 - Asynchronous Streaming and Visual Profiling", "03 - Asynchronous Streaming and Visual Profiling", "{9A4F478F-4113-4DA3-8A66-D557D2FCC154}"
EndProject
Project("{8BC9CEB8-8B4A-11D0-8D11-00A0C91BC942}") = "01 - vector-add-no-prefetch", "03\vector-add-no-prefetch\vector-add-no-prefetch.vcxproj", "{D028FCFF-F5D2-49C3-AD05-9F83E776F77B}"
EndProject
Project("{8BC9CEB8-8B4A-11D0-8D11-00A0C91BC942}") = "02 - vector-add-prefetch", "03\vector-add-prefetch\vector-add-prefetch.vcxproj", "{97D8D37B-7632-4231-990A-2C81B9A1E39B}"
EndProject
Project("{8BC9CEB8-8B4A-11D0-8D11-00A0C91BC942}") = "03 - init-kernel-solution", "03\init-kernel-solution\init-kernel-solution.vcxproj", "{AE5B43C0-10C8-49F2-B34B-3F2BB18F0F32}"
EndProject
Project("{8BC9CEB8-8B4A-11D0-8D11-00A0C91BC942}") = "04 - prefetch-check", "03\prefetch-check\prefetch-check.vcxproj", "{8B4E0815-E0F2-4BD5-9C29-11672BE1F0C4}"
EndProject
Project("{8BC9CEB8-8B4A-11D0-8D11-00A0C91BC942}") = "05 - print-numbers", "03\print-numbers\print-numbers.vcxproj", "{6F68E5ED-A3E1-41B5-9598-7924A6DEF9D9}"
EndProject
Project("{8BC9CEB8-8B4A-11D0-8D11-00A0C91BC942}") = "06 - init-in-streams", "03\init-in-streams\init-in-streams.vcxproj", "{7AB3D4B1-C275-4CE5-8DB6-E7C0A6CB714B}"
EndProject
Project("{8BC9CEB8-8B4A-11D0-8D11-00A0C91BC942}") = "07 - n-body", "03\n-body\n-body.vcxproj", "{E16DABBF-5499-489D-A69D-309FD4680F3F}"
EndProject
Project("{8BC9CEB8-8B4A-11D0-8D11-00A0C91BC942}") = "08 - vector-add-manual-alloc", "03\vector-add-manual-alloc\vector-add-manual-alloc.vcxproj", "{9A4ACE5C-BB56-49C0-946E-5C224E2E2210}"
EndProject
Project("{8BC9CEB8-8B4A-11D0-8D11-00A0C91BC942}") = "09 - overlap-transfer", "03\overlap-transfer\overlap-transfer.vcxproj", "{72A03E09-832F-40D3-A0B1-0BAAE1CE97A4}"
EndProject
Global
	GlobalSection(SolutionConfigurationPlatforms) = preSolution
		Debug|x64 = Debug|x64
		Release|x64 = Release|x64
	EndGlobalSection
	GlobalSection(ProjectConfigurationPlatforms) = postSolution
		{B2B9611F-59D8-40C8-ABB1-C91B682E709C}.Debug|x64.ActiveCfg = Debug|x64
		{B2B9611F-59D8-40C8-ABB1-C91B682E709C}.Debug|x64.Build.0 = Debug|x64
		{B2B9611F-59D8-40C8-ABB1-C91B682E709C}.Release|x64.ActiveCfg = Release|x64
		{B2B9611F-59D8-40C8-ABB1-C91B682E709C}.Release|x64.Build.0 = Release|x64
		{2CB90C26-6EF1-47C3-84AF-B88CA15B15C7}.Debug|x64.ActiveCfg = Debug|x64
		{2CB90C26-6EF1-47C3-84AF-B88CA15B15C7}.Debug|x64.Build.0 = Debug|x64
		{2CB90C26-6EF1-47C3-84AF-B88CA15B15C7}.Release|x64.ActiveCfg = Release|x64
		{2CB90C26-6EF1-47C3-84AF-B88CA15B15C7}.Release|x64.Build.0 = Release|x64
		{1010019E-11D8-4A78-9E30-4F9E66E95C2E}.Debug|x64.ActiveCfg = Debug|x64
		{1010019E-11D8-4A78-9E30-4F9E66E95C2E}.Debug|x64.Build.0 = Debug|x64
		{1010019E-11D8-4A78-9E30-4F9E66E95C2E}.Release|x64.ActiveCfg = Release|x64
		{1010019E-11D8-4A78-9E30-4F9E66E95C2E}.Release|x64.Build.0 = Release|x64
		{EDA4BAFE-EA31-4EC1-97F7-EC8C54A56AC1}.Debug|x64.ActiveCfg = Debug|x64
		{EDA4BAFE-EA31-4EC1-97F7-EC8C54A56AC1}.Debug|x64.Build.0 = Debug|x64
		{EDA4BAFE-EA31-4EC1-97F7-EC8C54A56AC1}.Release|x64.ActiveCfg = Release|x64
		{EDA4BAFE-EA31-4EC1-97F7-EC8C54A56AC1}.Release|x64.Build.0 = Release|x64
		{A84F6C2D-85C5-4576-8B29-AA4BA45A8FE5}.Debug|x64.ActiveCfg = Debug|x64
		{A84F6C2D-85C5-4576-8B29-AA4BA45A8FE5}.Debug|x64.Build.0 = Debug|x64
		{A84F6C2D-85C5-4576-8B29-AA4BA45A8FE5}.Release|x64.ActiveCfg = Release|x64
		{A84F6C2D-85C5-4576-8B29-AA4BA45A8FE5}.Release|x64.Build.0 = Release|x64
		{DBCE612D-F693-425C-98DE-993B33DCE23A}.Debug|x64.ActiveCfg = Debug|x64
		{DBCE612D-F693-425C-98DE-993B33DCE23A}.Debug|x64.Build.0 = Debug|x64
		{DBCE612D-F693-425C-98DE-993B33DCE23A}.Release|x64.ActiveCfg = Release|x64
		{DBCE612D-F693-425C-98DE-993B33DCE23A}.Release|x64.Build.0 = Release|x64
		{17CD4B67-9EEB-4567-A021-1E26137205A3}.Debug|x64.ActiveCfg = Debug|x64
		{17CD4B67-9EEB-4567-A021-1E26137205A3}.Debug|x64.Build.0 = Debug|x64
		{17CD4B67-9EEB-4567-A021-1E26137205A3}.Release|x64.ActiveCfg = Release|x64
		{17CD4B67-9EEB-4567-A021-1E26137205A3}.Release|x64.Build.0 = Release|x64
		{457A42D2-D0CB-488E-9E8F-CC94F92B874A}.Debug|x64.ActiveCfg = Debug|x64
		{457A42D2-D0CB-488E-9E8F-CC94F92B874A}.Debug|x64.Build.0 = Debug|x64
		{457A42D2-D0CB-488E-9E8F-CC94F92B874A}.Release|x64.ActiveCfg = Release|x64
		{457A42D2-D0CB-488E-9E8F-CC94F92B874A}.Release|x64.Build.0 = Release|x64
		{B7F19F69-09C1-4AAB-B7DA-35A6CBE0A5EA}.Debug|x64.ActiveCfg = Debug|x64
		{B7F19F69-09C1-4AAB-B7DA-35A6CBE0A5EA}.Debug|x64.Build.0 = Debug|x64
		{B7F19F69-09C1-4AAB-B7DA-35A6CBE0A5EA}.Release|x64.ActiveCfg = Release|x64
		{B7F19F69-09C1-4AAB-B7DA-35A6CBE0A5EA}.Release|x64.Build.0 = Release|x64
		{C5CB4BD0-F6B4-45BE-AD98-2D36EDFA9DE6}.Debug|x64.ActiveCfg = Debug|x64
		{C5CB4BD0-F6B4-45BE-AD98-2D36EDFA9DE6}.Debug|x64.Build.0 = Debug|x64
		{C5CB4BD0-F6B4-45BE-AD98-2D36EDFA9DE6}.Release|x64.ActiveCfg = Release|x64
		{C5CB4BD0-F6B4-45BE-AD98-2D36EDFA9DE6}.Release|x64.Build.0 = Release|x64
		{6090D7BC-0727-4DB4-BFD7-D66DDDBA60A0}.Debug|x64.ActiveCfg = Debug|x64
		{6090D7BC-0727-4DB4-BFD7-D66DDDBA60A0}.Debug|x64.Build.0 = Debug|x64
		{6090D7BC-0727-4DB4-BFD7-D66DDDBA60A0}.Release|x64.ActiveCfg = Release|x64
		{6090D7BC-0727-4DB4-BFD7-D66DDDBA60A0}.Release|x64.Build.0 = Release|x64
		{B307DD4C-DC5F-431A-8BA5-F51033F1B12B}.Debug|x64.ActiveCfg = Debug|x64
		{B307DD4C-DC5F-431A-8BA5-F51033F1B12B}.Debug|x64.Build.0 = Debug|x64
		{B307DD4C-DC5F-431A-8BA5-F51033F1B12B}.Release|x64.ActiveCfg = Release|x64
		{B307DD4C-DC5F-431A-8BA5-F51033F1B12B}.Release|x64.Build.0 = Release|x64
		{025A948D-4C2C-4AFB-B628-A43896EFB790}.Debug|x64.ActiveCfg = Debug|x64
		{025A948D-4C2C-4AFB-B628-A43896EFB790}.Debug|x64.Build.0 = Debug|x64
		{025A948D-4C2C-4AFB-B628-A43896EFB790}.Release|x64.ActiveCfg = Release|x64
		{025A948D-4C2C-4AFB-B628-A43896EFB790}.Release|x64.Build.0 = Release|x64
		{67DF68E8-B8AB-4C75-81C4-CEFE8A5153CF}.Debug|x64.ActiveCfg = Debug|x64
		{67DF68E8-B8AB-4C75-81C4-CEFE8A5153CF}.Debug|x64.Build.0 = Debug|x64
		{67DF68E8-B8AB-4C75-81C4-CEFE8A5153CF}.Release|x64.ActiveCfg = Release|x64
		{67DF68E8-B8AB-4C75-81C4-CEFE8A5153CF}.Release|x64.Build.0 = Release|x64
		{64F5404E-EC0C-4F9C-9FA4-5AD184A2DA39}.Debug|x64.ActiveCfg = Debug|x64
		{64F5404E-EC0C-4F9C-9FA4-5AD184A2DA39}.Debug|x64.Build.0 = Debug|x64
		{64F5404E-EC0C-4F9C-9FA4-5AD184A2DA39}.Release|x64.ActiveCfg = Release|x64
		{64F5404E-EC0C-4F9C-9FA4-5AD184A2DA39}.Release|x64.Build.0 = Release|x64
		{F72635B8-B576-490D-8CB5-734EF365A6BB}.Debug|x64.ActiveCfg = Debug|x64
		{F72635B8-B576-490D-8CB5-734EF365A6BB}.Debug|x64.Build.0 = Debug|x64
		{F72635B8-B576-490D-8CB5-734EF365A6BB}.Release|x64.ActiveCfg = Release|x64
		{F72635B8-B576-490D-8CB5-734EF365A6BB}.Release|x64.Build.0 = Release|x64
		{3319E33D-158D-4553-9BAC-525C99AB9A3C}.Debug|x64.ActiveCfg = Debug|x64
		{3319E33D-158D-4553-9BAC-525C99AB9A3C}.Debug|x64.Build.0 = Debug|x64
		{3319E33D-158D-4553-9BAC-525C99AB9A3C}.Release|x64.ActiveCfg = Release|x64
		{3319E33D-158D-4553-9BAC-525C99AB9A3C}.Release|x64.Build.0 = Release|x64
		{7EBE8C8D-5963-4659-B4A7-1DF88D4CB189}.Debug|x64.ActiveCfg = Debug|x64
		{7EBE8C8D-5963-4659-B4A7-1DF88D4CB189}.Debug|x64.Build.0 = Debug|x64
		{7EBE8C8D-5963-4659-B4A7-1DF88D4CB189}.Release|x64.ActiveCfg = Release|x64
		{7EBE8C8D-5963-4659-B4A7-1DF88D4CB189}.Release|x64.Build.0 = Release|x64
		{E8185F98-4005-488D-8D4D-1844BA69058D}.Debug|x64.ActiveCfg = Debug|x64
		{E8185F98-4005-488D-8D4D-1844BA69058D}.Debug|x64.Build.0 = Debug|x64
		{E8185F98-4005-488D-8D4D-1844BA69058D}.Release|x64.ActiveCfg = Release|x64
		{E8185F98-4005-488D-8D4D-1844BA69058D}.Release|x64.Build.0 = Release|x64
		{D028FCFF-F5D2-49C3-AD05-9F83E776F77B}.Debug|x64.ActiveCfg = Debug|x64
		{D028FCFF-F5D2-49C3-AD05-9F83E776F77B}.Debug|x64.Build.0 = Debug|x64
		{D028FCFF-F5D2-49C3-AD05-9F83E776F77B}.Release|x64.ActiveCfg = Release|x64
		{D028FCFF-F5D2-49C3-AD05-9F83E776F77B}.Release|x64.Build.0 = Release|x64
		{97D8D37B-7632-4231-990A-2C81B9A1E39B}.Debug|x64.ActiveCfg = Debug|x64
		{97D8D37B-7632-4231-990A-2C81B9A1E39B}.Debug|x64.Build.0 = Debug|x64
		{97D8D37B-7632-4231-990A-2C81B9A1E39B}.Release|x64.ActiveCfg = Release|x64
		{97D8D37B-7632-4231-990A-2C81B9A1E39B}.Release|x64.Build.0 = Release|x64
		{AE5B43C0-10C8-49F2-B34B-3F2BB18F0F32}.Debug|x64.ActiveCfg = Debug|x64
		{AE5B43C0-10C8-49F2-B34B-3F2BB18F0F32}.Debug|x64.Build.0 = Debug|x64
		{AE5B43C0-10C8-49F2-B34B-3F2BB18F0F32}.Release|x64.ActiveCfg = Release|x64
		{AE5B43C0-10C8-49F2-B34B-3F2BB18F0F32}.Release|x64.Build.0 = Release|x64
		{8B4E0815-E0F2-4BD5-9C29-11672BE1F0C4}.Debug|x64.ActiveCfg = Debug|x64
		{8B4E0815-E0F2-4BD5-9C29-11672BE1F0C4}.Debug|x64.Build.0 = Debug|x64
		{8B4E0815-E0F2-4BD5-9C29-11672BE1F0C4}.Release|x64.ActiveCfg = Release|x64
		{8B4E0815-E0F2-4BD5-9C29-11672BE1F0C4}.Release|x64.Build.0 = Release|x64
		{6F68E5ED-A3E1-41B5-9598-7924A6DEF9D9}.Debug|x64.ActiveCfg = Debug|x64
		{6F68E5ED-A3E1-41B5-9598-7924A6DEF9D9}.Debug|x64.Build.0 = Debug|x64
		{6F68E5ED-A3E1-41B5-9598-7924A6DEF9D9}.Release|x64.ActiveCfg = Release|x64
		{6F68E5ED-A3E1-41B5-9598-7924A6DEF9D9}.Release|x64.Build.0 = Release|x64
		{7AB3D4B1-C275-4CE5-8DB6-E7C0A6CB714B}.Debug|x64.ActiveCfg = Debug|x64
		{7AB3D4B1-C275-4CE5-8DB6-E7C0A6CB714B}.Debug|x64.Build.0 = Debug|x64
		{7AB3D4B1-C275-4CE5-8DB6-E7C0A6CB714B}.Release|x64.ActiveCfg = Release|x64
		{7AB3D4B1-C275-4CE5-8DB6-E7C0A6CB714B}.Release|x64.Build.0 = Release|x64
		{E16DABBF-5499-489D-A69D-309FD4680F3F}.Debug|x64.ActiveCfg = Debug|x64
		{E16DABBF-5499-489D-A69D-309FD4680F3F}.Debug|x64.Build.0 = Debug|x64
		{E16DABBF-5499-489D-A69D-309FD4680F3F}.Release|x64.ActiveCfg = Release|x64
		{E16DABBF-5499-489D-A69D-309FD4680F3F}.Release|x64.Build.0 = Release|x64
		{9A4ACE5C-BB56-49C0-946E-5C224E2E2210}.Debug|x64.ActiveCfg = Debug|x64
		{9A4ACE5C-BB56-49C0-946E-5C224E2E2210}.Debug|x64.Build.0 = Debug|x64
		{9A4ACE5C-BB56-49C0-946E-5C224E2E2210}.Release|x64.ActiveCfg = Release|x64
		{9A4ACE5C-BB56-49C0-946E-5C224E2E2210}.Release|x64.Build.0 = Release|x64
		{72A03E09-832F-40D3-A0B1-0BAAE1CE97A4}.Debug|x64.ActiveCfg = Debug|x64
		{72A03E09-832F-40D3-A0B1-0BAAE1CE97A4}.Debug|x64.Build.0 = Debug|x64
		{72A03E09-832F-40D3-A0B1-0BAAE1CE97A4}.Release|x64.ActiveCfg = Release|x64
		{72A03E09-832F-40D3-A0B1-0BAAE1CE97A4}.Release|x64.Build.0 = Release|x64
	EndGlobalSection
	GlobalSection(SolutionProperties) = preSolution
		HideSolutionNode = FALSE
	EndGlobalSection
	GlobalSection(NestedProjects) = preSolution
		{B2B9611F-59D8-40C8-ABB1-C91B682E709C} = {CCC698C6-7436-464C-BAFE-D9B1819588CC}
		{2CB90C26-6EF1-47C3-84AF-B88CA15B15C7} = {CCC698C6-7436-464C-BAFE-D9B1819588CC}
		{1010019E-11D8-4A78-9E30-4F9E66E95C2E} = {CCC698C6-7436-464C-BAFE-D9B1819588CC}
		{EDA4BAFE-EA31-4EC1-97F7-EC8C54A56AC1} = {CCC698C6-7436-464C-BAFE-D9B1819588CC}
		{A84F6C2D-85C5-4576-8B29-AA4BA45A8FE5} = {CCC698C6-7436-464C-BAFE-D9B1819588CC}
		{DBCE612D-F693-425C-98DE-993B33DCE23A} = {CCC698C6-7436-464C-BAFE-D9B1819588CC}
		{17CD4B67-9EEB-4567-A021-1E26137205A3} = {CCC698C6-7436-464C-BAFE-D9B1819588CC}
		{457A42D2-D0CB-488E-9E8F-CC94F92B874A} = {CCC698C6-7436-464C-BAFE-D9B1819588CC}
		{B7F19F69-09C1-4AAB-B7DA-35A6CBE0A5EA} = {CCC698C6-7436-464C-BAFE-D9B1819588CC}
		{C5CB4BD0-F6B4-45BE-AD98-2D36EDFA9DE6} = {CCC698C6-7436-464C-BAFE-D9B1819588CC}
		{6090D7BC-0727-4DB4-BFD7-D66DDDBA60A0} = {CCC698C6-7436-464C-BAFE-D9B1819588CC}
		{B307DD4C-DC5F-431A-8BA5-F51033F1B12B} = {CCC698C6-7436-464C-BAFE-D9B1819588CC}
		{025A948D-4C2C-4AFB-B628-A43896EFB790} = {9AB5A3EC-EC17-4948-A335-AFFF380223EA}
		{67DF68E8-B8AB-4C75-81C4-CEFE8A5153CF} = {9AB5A3EC-EC17-4948-A335-AFFF380223EA}
		{64F5404E-EC0C-4F9C-9FA4-5AD184A2DA39} = {9AB5A3EC-EC17-4948-A335-AFFF380223EA}
		{F72635B8-B576-490D-8CB5-734EF365A6BB} = {9AB5A3EC-EC17-4948-A335-AFFF380223EA}
		{3319E33D-158D-4553-9BAC-525C99AB9A3C} = {9AB5A3EC-EC17-4948-A335-AFFF380223EA}
		{7EBE8C8D-5963-4659-B4A7-1DF88D4CB189} = {9AB5A3EC-EC17-4948-A335-AFFF380223EA}
		{E8185F98-4005-488D-8D4D-1844BA69058D} = {9AB5A3EC-EC17-4948-A335-AFFF380223EA}
		{D028FCFF-F5D2-49C3-AD05-9F83E776F77B} = {9A4F478F-4113-4DA3-8A66-D557D2FCC154}
		{97D8D37B-7632-4231-990A-2C81B9A1E39B} = {9A4F478F-4113-4DA3-8A66-D557D2FCC154}
		{AE5B43C0-10C8-49F2-B34B-3F2BB18F0F32} = {9A4F478F-4113-4DA3-8A66-D557D2FCC154}
		{8B4E0815-E0F2-4BD5-9C29-11672BE1F0C4} = {9A4F478F-4113-4DA3-8A66-D557D2FCC154}
		{6F68E5ED-A3E1-41B5-9598-7924A6DEF9D9} = {9A4F478F-4113-4DA3-8A66-D557D2FCC154}
		{7AB3D4B1-C275-4CE5-8DB6-E7C0A6CB714B} = {9A4F478F-4113-4DA3-8A66-D557D2FCC154}
		{E16DABBF-5499-489D-A69D-309FD4680F3F} = {9A4F478F-4113-4DA3-8A66-D557D2FCC154}
		{9A4ACE5C-BB56-49C0-946E-5C224E2E2210} = {9A4F478F-4113-4DA3-8A66-D557D2FCC154}
		{72A03E09-832F-40D3-A0B1-0BAAE1CE97A4} = {9A4F478F-4113-4DA3-8A66-D557D2FCC154}
	EndGlobalSection
	GlobalSection(ExtensibilityGlobals) = postSolution
		SolutionGuid = {6DB1F7BC-7F4B-4B28-B64A-AEA32A892907}
	EndGlobalSection
EndGlobal
